
Microsoft Visual Studio Solution File, Format Version 12.00
# Visual Studio 15
VisualStudioVersion = 15.0.28307.329
MinimumVisualStudioVersion = 10.0.40219.1
Project("{FAE04EC0-301F-11D3-BF4B-00C04F79EFBC}") = "SweepStakes", "SweepStakes\SweepStakes.csproj", "{580022BF-0404-4899-8228-C23C36AE8727}"
EndProject
Global
	GlobalSection(SolutionConfigurationPlatforms) = preSolution
		Debug|Any CPU = Debug|Any CPU
		Release|Any CPU = Release|Any CPU
	EndGlobalSection
	GlobalSection(ProjectConfigurationPlatforms) = postSolution
		{580022BF-0404-4899-8228-C23C36AE8727}.Debug|Any CPU.ActiveCfg = Debug|Any CPU
		{580022BF-0404-4899-8228-C23C36AE8727}.Debug|Any CPU.Build.0 = Debug|Any CPU
		{580022BF-0404-4899-8228-C23C36AE8727}.Release|Any CPU.ActiveCfg = Release|Any CPU
		{580022BF-0404-4899-8228-C23C36AE8727}.Release|Any CPU.Build.0 = Release|Any CPU
	EndGlobalSection
	GlobalSection(SolutionProperties) = preSolution
		HideSolutionNode = FALSE
	EndGlobalSection
	GlobalSection(ExtensibilityGlobals) = postSolution
		SolutionGuid = {31504DBC-C4D6-4067-A51E-3C1A8BB3511B}
	EndGlobalSection
EndGlobal
